// !$*UTF8*$!
{
	archiveVersion = 1;
	classes = {
	};
	objectVersion = 55;
	objects = {

/* Begin PBXBuildFile section */
		45897A4D28A0C3A4002851A4 /* AppDelegate.swift in Sources */ = {isa = PBXBuildFile; fileRef = 45897A4C28A0C3A4002851A4 /* AppDelegate.swift */; };
		45897A4F28A0C3A4002851A4 /* SceneDelegate.swift in Sources */ = {isa = PBXBuildFile; fileRef = 45897A4E28A0C3A4002851A4 /* SceneDelegate.swift */; };
		45897A5128A0C3A4002851A4 /* ViewController.swift in Sources */ = {isa = PBXBuildFile; fileRef = 45897A5028A0C3A4002851A4 /* ViewController.swift */; };
		45897A5628A0C3A7002851A4 /* Assets.xcassets in Resources */ = {isa = PBXBuildFile; fileRef = 45897A5528A0C3A7002851A4 /* Assets.xcassets */; };
		45897A5928A0C3A7002851A4 /* LaunchScreen.storyboard in Resources */ = {isa = PBXBuildFile; fileRef = 45897A5728A0C3A7002851A4 /* LaunchScreen.storyboard */; };
		45897A6128A0CA32002851A4 /* FontsVC.swift in Sources */ = {isa = PBXBuildFile; fileRef = 45897A6028A0CA32002851A4 /* FontsVC.swift */; };
		45897A6328A0CA3E002851A4 /* ColorsVC.swift in Sources */ = {isa = PBXBuildFile; fileRef = 45897A6228A0CA3E002851A4 /* ColorsVC.swift */; };
		45897A6528A0CA4C002851A4 /* SymbolsVC.swift in Sources */ = {isa = PBXBuildFile; fileRef = 45897A6428A0CA4C002851A4 /* SymbolsVC.swift */; };
		45897A6828A1823F002851A4 /* K.swift in Sources */ = {isa = PBXBuildFile; fileRef = 45897A6728A1823F002851A4 /* K.swift */; };
		45897A6B28A1B905002851A4 /* Color.swift in Sources */ = {isa = PBXBuildFile; fileRef = 45897A6A28A1B905002851A4 /* Color.swift */; };
		45897A6D28A1B90E002851A4 /* ColorGroup.swift in Sources */ = {isa = PBXBuildFile; fileRef = 45897A6C28A1B90E002851A4 /* ColorGroup.swift */; };
		45897A6F28A1D9E8002851A4 /* ColorVC.swift in Sources */ = {isa = PBXBuildFile; fileRef = 45897A6E28A1D9E8002851A4 /* ColorVC.swift */; };
		45897A7528A222B5002851A4 /* ColorTableViewCell.swift in Sources */ = {isa = PBXBuildFile; fileRef = 45897A7428A222B5002851A4 /* ColorTableViewCell.swift */; };
		45897A7828A2B511002851A4 /* SFSymbol.swift in Sources */ = {isa = PBXBuildFile; fileRef = 45897A7728A2B511002851A4 /* SFSymbol.swift */; };
		45933C1028A4886F002FA2DA /* Font.swift in Sources */ = {isa = PBXBuildFile; fileRef = 45933C0F28A4886F002FA2DA /* Font.swift */; };
		45933C1428A4935E002FA2DA /* FontVC.swift in Sources */ = {isa = PBXBuildFile; fileRef = 45933C1328A4935E002FA2DA /* FontVC.swift */; };
		45933C1828A5E3C6002FA2DA /* ColorGroups.swift in Sources */ = {isa = PBXBuildFile; fileRef = 45933C1728A5E3C6002FA2DA /* ColorGroups.swift */; };
		45933C1A28A5E643002FA2DA /* FontTableViewCell.swift in Sources */ = {isa = PBXBuildFile; fileRef = 45933C1928A5E643002FA2DA /* FontTableViewCell.swift */; };
		45BC0FB828A2C98B002BBB23 /* SymbolTableViewCell.swift in Sources */ = {isa = PBXBuildFile; fileRef = 45BC0FB728A2C98B002BBB23 /* SymbolTableViewCell.swift */; };
		45BC0FBA28A311CF002BBB23 /* SymbolVC.swift in Sources */ = {isa = PBXBuildFile; fileRef = 45BC0FB928A311CF002BBB23 /* SymbolVC.swift */; };
		45BC0FBD28A35FB3002BBB23 /* SettingsVC.swift in Sources */ = {isa = PBXBuildFile; fileRef = 45BC0FBC28A35FB3002BBB23 /* SettingsVC.swift */; };
		45BC0FBF28A36357002BBB23 /* UIViewController+Ext.swift in Sources */ = {isa = PBXBuildFile; fileRef = 45BC0FBE28A36357002BBB23 /* UIViewController+Ext.swift */; };
/* End PBXBuildFile section */

/* Begin PBXFileReference section */
		45897A4928A0C3A4002851A4 /* SemanticUI.app */ = {isa = PBXFileReference; explicitFileType = wrapper.application; includeInIndex = 0; path = SemanticUI.app; sourceTree = BUILT_PRODUCTS_DIR; };
		45897A4C28A0C3A4002851A4 /* AppDelegate.swift */ = {isa = PBXFileReference; lastKnownFileType = sourcecode.swift; path = AppDelegate.swift; sourceTree = "<group>"; };
		45897A4E28A0C3A4002851A4 /* SceneDelegate.swift */ = {isa = PBXFileReference; lastKnownFileType = sourcecode.swift; path = SceneDelegate.swift; sourceTree = "<group>"; };
		45897A5028A0C3A4002851A4 /* ViewController.swift */ = {isa = PBXFileReference; lastKnownFileType = sourcecode.swift; path = ViewController.swift; sourceTree = "<group>"; };
		45897A5528A0C3A7002851A4 /* Assets.xcassets */ = {isa = PBXFileReference; lastKnownFileType = folder.assetcatalog; path = Assets.xcassets; sourceTree = "<group>"; };
		45897A5828A0C3A7002851A4 /* Base */ = {isa = PBXFileReference; lastKnownFileType = file.storyboard; name = Base; path = Base.lproj/LaunchScreen.storyboard; sourceTree = "<group>"; };
		45897A5A28A0C3A7002851A4 /* Info.plist */ = {isa = PBXFileReference; lastKnownFileType = text.plist.xml; path = Info.plist; sourceTree = "<group>"; };
		45897A6028A0CA32002851A4 /* FontsVC.swift */ = {isa = PBXFileReference; lastKnownFileType = sourcecode.swift; path = FontsVC.swift; sourceTree = "<group>"; };
		45897A6228A0CA3E002851A4 /* ColorsVC.swift */ = {isa = PBXFileReference; lastKnownFileType = sourcecode.swift; path = ColorsVC.swift; sourceTree = "<group>"; };
		45897A6428A0CA4C002851A4 /* SymbolsVC.swift */ = {isa = PBXFileReference; lastKnownFileType = sourcecode.swift; path = SymbolsVC.swift; sourceTree = "<group>"; };
		45897A6728A1823F002851A4 /* K.swift */ = {isa = PBXFileReference; lastKnownFileType = sourcecode.swift; path = K.swift; sourceTree = "<group>"; };
		45897A6A28A1B905002851A4 /* Color.swift */ = {isa = PBXFileReference; lastKnownFileType = sourcecode.swift; path = Color.swift; sourceTree = "<group>"; };
		45897A6C28A1B90E002851A4 /* ColorGroup.swift */ = {isa = PBXFileReference; lastKnownFileType = sourcecode.swift; path = ColorGroup.swift; sourceTree = "<group>"; };
		45897A6E28A1D9E8002851A4 /* ColorVC.swift */ = {isa = PBXFileReference; lastKnownFileType = sourcecode.swift; path = ColorVC.swift; sourceTree = "<group>"; };
		45897A7428A222B5002851A4 /* ColorTableViewCell.swift */ = {isa = PBXFileReference; lastKnownFileType = sourcecode.swift; path = ColorTableViewCell.swift; sourceTree = "<group>"; };
		45897A7728A2B511002851A4 /* SFSymbol.swift */ = {isa = PBXFileReference; lastKnownFileType = sourcecode.swift; path = SFSymbol.swift; sourceTree = "<group>"; };
		45933C0F28A4886F002FA2DA /* Font.swift */ = {isa = PBXFileReference; lastKnownFileType = sourcecode.swift; path = Font.swift; sourceTree = "<group>"; };
		45933C1328A4935E002FA2DA /* FontVC.swift */ = {isa = PBXFileReference; lastKnownFileType = sourcecode.swift; path = FontVC.swift; sourceTree = "<group>"; };
		45933C1728A5E3C6002FA2DA /* ColorGroups.swift */ = {isa = PBXFileReference; lastKnownFileType = sourcecode.swift; path = ColorGroups.swift; sourceTree = "<group>"; };
		45933C1928A5E643002FA2DA /* FontTableViewCell.swift */ = {isa = PBXFileReference; lastKnownFileType = sourcecode.swift; path = FontTableViewCell.swift; sourceTree = "<group>"; };
		45BC0FB728A2C98B002BBB23 /* SymbolTableViewCell.swift */ = {isa = PBXFileReference; lastKnownFileType = sourcecode.swift; path = SymbolTableViewCell.swift; sourceTree = "<group>"; };
		45BC0FB928A311CF002BBB23 /* SymbolVC.swift */ = {isa = PBXFileReference; lastKnownFileType = sourcecode.swift; path = SymbolVC.swift; sourceTree = "<group>"; };
		45BC0FBC28A35FB3002BBB23 /* SettingsVC.swift */ = {isa = PBXFileReference; lastKnownFileType = sourcecode.swift; path = SettingsVC.swift; sourceTree = "<group>"; };
		45BC0FBE28A36357002BBB23 /* UIViewController+Ext.swift */ = {isa = PBXFileReference; lastKnownFileType = sourcecode.swift; path = "UIViewController+Ext.swift"; sourceTree = "<group>"; };
/* End PBXFileReference section */

/* Begin PBXFrameworksBuildPhase section */
		45897A4628A0C3A4002851A4 /* Frameworks */ = {
			isa = PBXFrameworksBuildPhase;
			buildActionMask = 2147483647;
			files = (
			);
			runOnlyForDeploymentPostprocessing = 0;
		};
/* End PBXFrameworksBuildPhase section */

/* Begin PBXGroup section */
		45897A4028A0C3A4002851A4 = {
			isa = PBXGroup;
			children = (
				45897A4B28A0C3A4002851A4 /* SemanticUI */,
				45897A4A28A0C3A4002851A4 /* Products */,
			);
			sourceTree = "<group>";
		};
		45897A4A28A0C3A4002851A4 /* Products */ = {
			isa = PBXGroup;
			children = (
				45897A4928A0C3A4002851A4 /* SemanticUI.app */,
			);
			name = Products;
			sourceTree = "<group>";
		};
		45897A4B28A0C3A4002851A4 /* SemanticUI */ = {
			isa = PBXGroup;
			children = (
				45933C1C28A5E9DA002FA2DA /* Support */,
				45933C1D28A5E9F4002FA2DA /* Utilities */,
				45933C1628A58A85002FA2DA /* Controllers */,
				45897A7328A22281002851A4 /* Custom Views */,
				45933C1528A57178002FA2DA /* Extensions */,
				45897A6928A1B8F7002851A4 /* Models */,
			);
			path = SemanticUI;
			sourceTree = "<group>";
		};
		45897A6928A1B8F7002851A4 /* Models */ = {
			isa = PBXGroup;
			children = (
				45933C0F28A4886F002FA2DA /* Font.swift */,
				45897A6A28A1B905002851A4 /* Color.swift */,
				45897A6C28A1B90E002851A4 /* ColorGroup.swift */,
				45933C1728A5E3C6002FA2DA /* ColorGroups.swift */,
				45897A7728A2B511002851A4 /* SFSymbol.swift */,
			);
			path = Models;
			sourceTree = "<group>";
		};
		45897A7328A22281002851A4 /* Custom Views */ = {
			isa = PBXGroup;
			children = (
				45897A7428A222B5002851A4 /* ColorTableViewCell.swift */,
				45BC0FB728A2C98B002BBB23 /* SymbolTableViewCell.swift */,
				45933C1928A5E643002FA2DA /* FontTableViewCell.swift */,
			);
			path = "Custom Views";
			sourceTree = "<group>";
		};
		45933C1528A57178002FA2DA /* Extensions */ = {
			isa = PBXGroup;
			children = (
				45BC0FBE28A36357002BBB23 /* UIViewController+Ext.swift */,
			);
			path = Extensions;
			sourceTree = "<group>";
		};
		45933C1628A58A85002FA2DA /* Controllers */ = {
			isa = PBXGroup;
			children = (
				45897A6028A0CA32002851A4 /* FontsVC.swift */,
				45933C1328A4935E002FA2DA /* FontVC.swift */,
				45897A6228A0CA3E002851A4 /* ColorsVC.swift */,
				45897A6E28A1D9E8002851A4 /* ColorVC.swift */,
				45897A6428A0CA4C002851A4 /* SymbolsVC.swift */,
				45BC0FB928A311CF002BBB23 /* SymbolVC.swift */,
				45BC0FBC28A35FB3002BBB23 /* SettingsVC.swift */,
			);
			path = Controllers;
			sourceTree = "<group>";
		};
		45933C1C28A5E9DA002FA2DA /* Support */ = {
			isa = PBXGroup;
			children = (
				45897A4C28A0C3A4002851A4 /* AppDelegate.swift */,
				45897A4E28A0C3A4002851A4 /* SceneDelegate.swift */,
				45897A5028A0C3A4002851A4 /* ViewController.swift */,
				45897A5528A0C3A7002851A4 /* Assets.xcassets */,
				45897A5728A0C3A7002851A4 /* LaunchScreen.storyboard */,
				45897A5A28A0C3A7002851A4 /* Info.plist */,
			);
			name = Support;
			sourceTree = "<group>";
		};
		45933C1D28A5E9F4002FA2DA /* Utilities */ = {
			isa = PBXGroup;
			children = (
				45897A6728A1823F002851A4 /* K.swift */,
			);
			path = Utilities;
			sourceTree = "<group>";
		};
/* End PBXGroup section */

/* Begin PBXNativeTarget section */
		45897A4828A0C3A4002851A4 /* SemanticUI */ = {
			isa = PBXNativeTarget;
			buildConfigurationList = 45897A5D28A0C3A7002851A4 /* Build configuration list for PBXNativeTarget "SemanticUI" */;
			buildPhases = (
				45897A4528A0C3A4002851A4 /* Sources */,
				45897A4628A0C3A4002851A4 /* Frameworks */,
				45897A4728A0C3A4002851A4 /* Resources */,
			);
			buildRules = (
			);
			dependencies = (
			);
			name = SemanticUI;
			productName = SemanticUI;
			productReference = 45897A4928A0C3A4002851A4 /* SemanticUI.app */;
			productType = "com.apple.product-type.application";
		};
/* End PBXNativeTarget section */

/* Begin PBXProject section */
		45897A4128A0C3A4002851A4 /* Project object */ = {
			isa = PBXProject;
			attributes = {
				BuildIndependentTargetsInParallel = 1;
				LastSwiftUpdateCheck = 1340;
				LastUpgradeCheck = 1340;
				TargetAttributes = {
					45897A4828A0C3A4002851A4 = {
						CreatedOnToolsVersion = 13.4.1;
					};
				};
			};
			buildConfigurationList = 45897A4428A0C3A4002851A4 /* Build configuration list for PBXProject "SemanticUI" */;
			compatibilityVersion = "Xcode 13.0";
			developmentRegion = en;
			hasScannedForEncodings = 0;
			knownRegions = (
				en,
				Base,
			);
			mainGroup = 45897A4028A0C3A4002851A4;
			productRefGroup = 45897A4A28A0C3A4002851A4 /* Products */;
			projectDirPath = "";
			projectRoot = "";
			targets = (
				45897A4828A0C3A4002851A4 /* SemanticUI */,
			);
		};
/* End PBXProject section */

/* Begin PBXResourcesBuildPhase section */
		45897A4728A0C3A4002851A4 /* Resources */ = {
			isa = PBXResourcesBuildPhase;
			buildActionMask = 2147483647;
			files = (
				45897A5928A0C3A7002851A4 /* LaunchScreen.storyboard in Resources */,
				45897A5628A0C3A7002851A4 /* Assets.xcassets in Resources */,
			);
			runOnlyForDeploymentPostprocessing = 0;
		};
/* End PBXResourcesBuildPhase section */

/* Begin PBXSourcesBuildPhase section */
		45897A4528A0C3A4002851A4 /* Sources */ = {
			isa = PBXSourcesBuildPhase;
			buildActionMask = 2147483647;
			files = (
				45BC0FB828A2C98B002BBB23 /* SymbolTableViewCell.swift in Sources */,
				45933C1428A4935E002FA2DA /* FontVC.swift in Sources */,
				45897A6528A0CA4C002851A4 /* SymbolsVC.swift in Sources */,
				45897A5128A0C3A4002851A4 /* ViewController.swift in Sources */,
				45897A6F28A1D9E8002851A4 /* ColorVC.swift in Sources */,
				45897A4D28A0C3A4002851A4 /* AppDelegate.swift in Sources */,
				45897A4F28A0C3A4002851A4 /* SceneDelegate.swift in Sources */,
				45897A6828A1823F002851A4 /* K.swift in Sources */,
				45897A6B28A1B905002851A4 /* Color.swift in Sources */,
				45897A7528A222B5002851A4 /* ColorTableViewCell.swift in Sources */,
				45897A7828A2B511002851A4 /* SFSymbol.swift in Sources */,
				45933C1828A5E3C6002FA2DA /* ColorGroups.swift in Sources */,
				45897A6128A0CA32002851A4 /* FontsVC.swift in Sources */,
				45897A6328A0CA3E002851A4 /* ColorsVC.swift in Sources */,
				45BC0FBA28A311CF002BBB23 /* SymbolVC.swift in Sources */,
				45933C1028A4886F002FA2DA /* Font.swift in Sources */,
				45933C1A28A5E643002FA2DA /* FontTableViewCell.swift in Sources */,
				45897A6D28A1B90E002851A4 /* ColorGroup.swift in Sources */,
				45BC0FBF28A36357002BBB23 /* UIViewController+Ext.swift in Sources */,
				45BC0FBD28A35FB3002BBB23 /* SettingsVC.swift in Sources */,
			);
			runOnlyForDeploymentPostprocessing = 0;
		};
/* End PBXSourcesBuildPhase section */

/* Begin PBXVariantGroup section */
		45897A5728A0C3A7002851A4 /* LaunchScreen.storyboard */ = {
			isa = PBXVariantGroup;
			children = (
				45897A5828A0C3A7002851A4 /* Base */,
			);
			name = LaunchScreen.storyboard;
			sourceTree = "<group>";
		};
/* End PBXVariantGroup section */

/* Begin XCBuildConfiguration section */
		45897A5B28A0C3A7002851A4 /* Debug */ = {
			isa = XCBuildConfiguration;
			buildSettings = {
				ALWAYS_SEARCH_USER_PATHS = NO;
				CLANG_ANALYZER_NONNULL = YES;
				CLANG_ANALYZER_NUMBER_OBJECT_CONVERSION = YES_AGGRESSIVE;
				CLANG_CXX_LANGUAGE_STANDARD = "gnu++17";
				CLANG_ENABLE_MODULES = YES;
				CLANG_ENABLE_OBJC_ARC = YES;
				CLANG_ENABLE_OBJC_WEAK = YES;
				CLANG_WARN_BLOCK_CAPTURE_AUTORELEASING = YES;
				CLANG_WARN_BOOL_CONVERSION = YES;
				CLANG_WARN_COMMA = YES;
				CLANG_WARN_CONSTANT_CONVERSION = YES;
				CLANG_WARN_DEPRECATED_OBJC_IMPLEMENTATIONS = YES;
				CLANG_WARN_DIRECT_OBJC_ISA_USAGE = YES_ERROR;
				CLANG_WARN_DOCUMENTATION_COMMENTS = YES;
				CLANG_WARN_EMPTY_BODY = YES;
				CLANG_WARN_ENUM_CONVERSION = YES;
				CLANG_WARN_INFINITE_RECURSION = YES;
				CLANG_WARN_INT_CONVERSION = YES;
				CLANG_WARN_NON_LITERAL_NULL_CONVERSION = YES;
				CLANG_WARN_OBJC_IMPLICIT_RETAIN_SELF = YES;
				CLANG_WARN_OBJC_LITERAL_CONVERSION = YES;
				CLANG_WARN_OBJC_ROOT_CLASS = YES_ERROR;
				CLANG_WARN_QUOTED_INCLUDE_IN_FRAMEWORK_HEADER = YES;
				CLANG_WARN_RANGE_LOOP_ANALYSIS = YES;
				CLANG_WARN_STRICT_PROTOTYPES = YES;
				CLANG_WARN_SUSPICIOUS_MOVE = YES;
				CLANG_WARN_UNGUARDED_AVAILABILITY = YES_AGGRESSIVE;
				CLANG_WARN_UNREACHABLE_CODE = YES;
				CLANG_WARN__DUPLICATE_METHOD_MATCH = YES;
				COPY_PHASE_STRIP = NO;
				DEBUG_INFORMATION_FORMAT = dwarf;
				ENABLE_STRICT_OBJC_MSGSEND = YES;
				ENABLE_TESTABILITY = YES;
				GCC_C_LANGUAGE_STANDARD = gnu11;
				GCC_DYNAMIC_NO_PIC = NO;
				GCC_NO_COMMON_BLOCKS = YES;
				GCC_OPTIMIZATION_LEVEL = 0;
				GCC_PREPROCESSOR_DEFINITIONS = (
					"DEBUG=1",
					"$(inherited)",
				);
				GCC_WARN_64_TO_32_BIT_CONVERSION = YES;
				GCC_WARN_ABOUT_RETURN_TYPE = YES_ERROR;
				GCC_WARN_UNDECLARED_SELECTOR = YES;
				GCC_WARN_UNINITIALIZED_AUTOS = YES_AGGRESSIVE;
				GCC_WARN_UNUSED_FUNCTION = YES;
				GCC_WARN_UNUSED_VARIABLE = YES;
				IPHONEOS_DEPLOYMENT_TARGET = 15.5;
				MTL_ENABLE_DEBUG_INFO = INCLUDE_SOURCE;
				MTL_FAST_MATH = YES;
				ONLY_ACTIVE_ARCH = YES;
				SDKROOT = iphoneos;
				SWIFT_ACTIVE_COMPILATION_CONDITIONS = DEBUG;
				SWIFT_OPTIMIZATION_LEVEL = "-Onone";
			};
			name = Debug;
		};
		45897A5C28A0C3A7002851A4 /* Release */ = {
			isa = XCBuildConfiguration;
			buildSettings = {
				ALWAYS_SEARCH_USER_PATHS = NO;
				CLANG_ANALYZER_NONNULL = YES;
				CLANG_ANALYZER_NUMBER_OBJECT_CONVERSION = YES_AGGRESSIVE;
				CLANG_CXX_LANGUAGE_STANDARD = "gnu++17";
				CLANG_ENABLE_MODULES = YES;
				CLANG_ENABLE_OBJC_ARC = YES;
				CLANG_ENABLE_OBJC_WEAK = YES;
				CLANG_WARN_BLOCK_CAPTURE_AUTORELEASING = YES;
				CLANG_WARN_BOOL_CONVERSION = YES;
				CLANG_WARN_COMMA = YES;
				CLANG_WARN_CONSTANT_CONVERSION = YES;
				CLANG_WARN_DEPRECATED_OBJC_IMPLEMENTATIONS = YES;
				CLANG_WARN_DIRECT_OBJC_ISA_USAGE = YES_ERROR;
				CLANG_WARN_DOCUMENTATION_COMMENTS = YES;
				CLANG_WARN_EMPTY_BODY = YES;
				CLANG_WARN_ENUM_CONVERSION = YES;
				CLANG_WARN_INFINITE_RECURSION = YES;
				CLANG_WARN_INT_CONVERSION = YES;
				CLANG_WARN_NON_LITERAL_NULL_CONVERSION = YES;
				CLANG_WARN_OBJC_IMPLICIT_RETAIN_SELF = YES;
				CLANG_WARN_OBJC_LITERAL_CONVERSION = YES;
				CLANG_WARN_OBJC_ROOT_CLASS = YES_ERROR;
				CLANG_WARN_QUOTED_INCLUDE_IN_FRAMEWORK_HEADER = YES;
				CLANG_WARN_RANGE_LOOP_ANALYSIS = YES;
				CLANG_WARN_STRICT_PROTOTYPES = YES;
				CLANG_WARN_SUSPICIOUS_MOVE = YES;
				CLANG_WARN_UNGUARDED_AVAILABILITY = YES_AGGRESSIVE;
				CLANG_WARN_UNREACHABLE_CODE = YES;
				CLANG_WARN__DUPLICATE_METHOD_MATCH = YES;
				COPY_PHASE_STRIP = NO;
				DEBUG_INFORMATION_FORMAT = "dwarf-with-dsym";
				ENABLE_NS_ASSERTIONS = NO;
				ENABLE_STRICT_OBJC_MSGSEND = YES;
				GCC_C_LANGUAGE_STANDARD = gnu11;
				GCC_NO_COMMON_BLOCKS = YES;
				GCC_WARN_64_TO_32_BIT_CONVERSION = YES;
				GCC_WARN_ABOUT_RETURN_TYPE = YES_ERROR;
				GCC_WARN_UNDECLARED_SELECTOR = YES;
				GCC_WARN_UNINITIALIZED_AUTOS = YES_AGGRESSIVE;
				GCC_WARN_UNUSED_FUNCTION = YES;
				GCC_WARN_UNUSED_VARIABLE = YES;
				IPHONEOS_DEPLOYMENT_TARGET = 15.5;
				MTL_ENABLE_DEBUG_INFO = NO;
				MTL_FAST_MATH = YES;
				SDKROOT = iphoneos;
				SWIFT_COMPILATION_MODE = wholemodule;
				SWIFT_OPTIMIZATION_LEVEL = "-O";
				VALIDATE_PRODUCT = YES;
			};
			name = Release;
		};
		45897A5E28A0C3A7002851A4 /* Debug */ = {
			isa = XCBuildConfiguration;
			buildSettings = {
				ASSETCATALOG_COMPILER_APPICON_NAME = AppIcon;
				ASSETCATALOG_COMPILER_GLOBAL_ACCENT_COLOR_NAME = AccentColor;
				CODE_SIGN_STYLE = Automatic;
				CURRENT_PROJECT_VERSION = 1;
				DEVELOPMENT_TEAM = M6CW5X3GGG;
				GENERATE_INFOPLIST_FILE = YES;
				INFOPLIST_FILE = SemanticUI/Info.plist;
				INFOPLIST_KEY_UIApplicationSupportsIndirectInputEvents = YES;
				INFOPLIST_KEY_UILaunchStoryboardName = LaunchScreen;
				INFOPLIST_KEY_UISupportedInterfaceOrientations_iPad = "UIInterfaceOrientationPortrait UIInterfaceOrientationPortraitUpsideDown UIInterfaceOrientationLandscapeLeft UIInterfaceOrientationLandscapeRight";
				INFOPLIST_KEY_UISupportedInterfaceOrientations_iPhone = "UIInterfaceOrientationPortrait UIInterfaceOrientationLandscapeLeft UIInterfaceOrientationLandscapeRight";
				LD_RUNPATH_SEARCH_PATHS = (
					"$(inherited)",
					"@executable_path/Frameworks",
				);
				MACOSX_DEPLOYMENT_TARGET = 12.3;
				MARKETING_VERSION = 1.0;
				PRODUCT_BUNDLE_IDENTIFIER = com.ricardochairez.SemanticUI;
				PRODUCT_NAME = "$(TARGET_NAME)";
				SWIFT_EMIT_LOC_STRINGS = YES;
				SWIFT_VERSION = 5.0;
				TARGETED_DEVICE_FAMILY = "1,2";
			};
			name = Debug;
		};
		45897A5F28A0C3A7002851A4 /* Release */ = {
			isa = XCBuildConfiguration;
			buildSettings = {
				ASSETCATALOG_COMPILER_APPICON_NAME = AppIcon;
				ASSETCATALOG_COMPILER_GLOBAL_ACCENT_COLOR_NAME = AccentColor;
				CODE_SIGN_STYLE = Automatic;
				CURRENT_PROJECT_VERSION = 1;
				DEVELOPMENT_TEAM = M6CW5X3GGG;
				GENERATE_INFOPLIST_FILE = YES;
				INFOPLIST_FILE = SemanticUI/Info.plist;
				INFOPLIST_KEY_UIApplicationSupportsIndirectInputEvents = YES;
				INFOPLIST_KEY_UILaunchStoryboardName = LaunchScreen;
				INFOPLIST_KEY_UISupportedInterfaceOrientations_iPad = "UIInterfaceOrientationPortrait UIInterfaceOrientationPortraitUpsideDown UIInterfaceOrientationLandscapeLeft UIInterfaceOrientationLandscapeRight";
				INFOPLIST_KEY_UISupportedInterfaceOrientations_iPhone = "UIInterfaceOrientationPortrait UIInterfaceOrientationLandscapeLeft UIInterfaceOrientationLandscapeRight";
				LD_RUNPATH_SEARCH_PATHS = (
					"$(inherited)",
					"@executable_path/Frameworks",
				);
				MACOSX_DEPLOYMENT_TARGET = 12.3;
				MARKETING_VERSION = 1.0;
				PRODUCT_BUNDLE_IDENTIFIER = com.ricardochairez.SemanticUI;
				PRODUCT_NAME = "$(TARGET_NAME)";
				SWIFT_EMIT_LOC_STRINGS = YES;
				SWIFT_VERSION = 5.0;
				TARGETED_DEVICE_FAMILY = "1,2";
			};
			name = Release;
		};
/* End XCBuildConfiguration section */

/* Begin XCConfigurationList section */
		45897A4428A0C3A4002851A4 /* Build configuration list for PBXProject "SemanticUI" */ = {
			isa = XCConfigurationList;
			buildConfigurations = (
				45897A5B28A0C3A7002851A4 /* Debug */,
				45897A5C28A0C3A7002851A4 /* Release */,
			);
			defaultConfigurationIsVisible = 0;
			defaultConfigurationName = Release;
		};
		45897A5D28A0C3A7002851A4 /* Build configuration list for PBXNativeTarget "SemanticUI" */ = {
			isa = XCConfigurationList;
			buildConfigurations = (
				45897A5E28A0C3A7002851A4 /* Debug */,
				45897A5F28A0C3A7002851A4 /* Release */,
			);
			defaultConfigurationIsVisible = 0;
			defaultConfigurationName = Release;
		};
/* End XCConfigurationList section */
	};
	rootObject = 45897A4128A0C3A4002851A4 /* Project object */;
}
